github.com/aws/aws-sdk-go v1.40.59 h1:aBHm8lOpwbqmqnUlV5mLYLSBa54bZGR8JZOMzDa/r/Q=
github.com/aws/aws-sdk-go v1.40.59/go.mod h1:585smgzpB/KqRA+K3y/NL/oYRqQvpNJYvLm+LY1U59Q=
github.com/aws/aws-sdk-go v1.41.16 h1:rNbPreEO4K2b8LwhHOe5+iNRH3Ih35L+H9U5tLdcevo=
github.com/aws/aws-sdk-go v1.41.16/go.mod h1:585smgzpB/KqRA+K3y/NL/oYRqQvpNJYvLm+LY1U59Q=
github.com/davecgh/go-spew v1.1.0/go.mod h1:J7Y8YcW2NihsgmVo/mv3lAwl/skON4iLHjSsI+c5H38=
github.com/davecgh/go-spew v1.1.1/go.mod h1:J7Y8YcW2NihsgmVo/mv3lAwl/skON4iLHjSsI+c5H38=
github.com/djumanoff/amqp v1.0.6 h1:su9ywx/MFPcGBPE9J3Q8F2f7W702lq5HBXhRqwc6MXY=
github.com/djumanoff/amqp v1.0.6/go.mod h1:iMGsrDyTlB0+Wx2WQQPo2eqyKMHWdv/XsLyv780DUe8=
github.com/google/uuid v1.3.0 h1:t6JiXgmwXMjEs8VusXIJk2BXHsn+wx8BZdTaoZ5fu7I=
github.com/google/uuid v1.3.0/go.mod h1:TIyPZe4MgqvfeYDBFedMoGGpEw/LqOeaOT+nhxU+yHo=
github.com/gorilla/mux v1.8.1-0.20210914121219-3cf0d013e53d h1:d0Syf0DU53WUL87HIpWAFtGZC6R9YHyR75iPLloy0RQ=
github.com/gorilla/mux v1.8.1-0.20210914121219-3cf0d013e53d/go.mod h1:DVbg23sWSpFRCP0SfiEN6jmj59UnW/n46BH5rLB71So=
github.com/jmespath/go-jmespath v0.4.0 h1:BEgLn5cpjn8UN1mAw4NjwDrS35OdebyEtFe+9YPoQUg=
github.com/jmespath/go-jmespath v0.4.0/go.mod h1:T8mJZnbsbmF+m6zOOFylbeCJqk5+pHWvzYPziyZiYoo=
github.com/jmespath/go-jmespath/internal/testify v1.5.1/go.mod h1:L3OGu8Wl2/fWfCI6z80xFu9LTZmf1ZRjMHUOPmWr69U=
github.com/kirigaikabuto/category-nurzhas-store v0.0.0-20211010112348-3adec9052782 h1:zOi+Lnh6tEgbdcFhCVRrQNMKN2+ileXzdSWhgklnHYs=
github.com/kirigaikabuto/category-nurzhas-store v0.0.0-20211010112348-3adec9052782/go.mod h1:An/e04BP3xyoIFdwvGRsbQ0KKnMeti1xx+LPbULBoHQ=
github.com/kirigaikabuto/category-nurzhas-store v0.0.0-20211010113259-94b8f0cd7b99 h1:o3OYkvWzWQxT7Th10bAWoPzSdERW4sIiIE/W5x5Wy9o=
github.com/kirigaikabuto/category-nurzhas-store v0.0.0-20211010113259-94b8f0cd7b99/go.mod h1:An/e04BP3xyoIFdwvGRsbQ0KKnMeti1xx+LPbULBoHQ=
github.com/kirigaikabuto/category-nurzhas-store v0.0.0-20211010114429-336d810ec563 h1:3xOXzl0wk90Qh4TEyWXH3915d5aeAGjhIwRRWLVfLPI=
github.com/kirigaikabuto/category-nurzhas-store v0.0.0-20211010114429-336d810ec563/go.mod h1:/04VStcTTyO9KGLM5MVS/ebzAbuSljs1Sh42nBjDQEI=
github.com/kirigaikabuto/category-nurzhas-store v0.0.0-20211010114732-acfe78fed622 h1:brIa+7Upe6rIA591klpSJDyaYr+oTMMogkJk7NZ4qJw=
github.com/kirigaikabuto/category-nurzhas-store v0.0.0-20211010114732-acfe78fed622/go.mod h1:/04VStcTTyO9KGLM5MVS/ebzAbuSljs1Sh42nBjDQEI=
github.com/kirigaikabuto/category-nurzhas-store v0.0.0-20211010164314-acb3b52496a2 h1:uElTGM+0nI8bysJUhSjieYBAAP0nMcS3phPz9VDLP6k=
github.com/kirigaikabuto/category-nurzhas-store v0.0.0-20211010164314-acb3b52496a2/go.mod h1:/04VStcTTyO9KGLM5MVS/ebzAbuSljs1Sh42nBjDQEI=
github.com/kirigaikabuto/category-nurzhas-store v0.0.0-20211011083525-ea0752ea524e h1:eI1nDlBZczbBjHN94X7Dc0MZbROr+kuJNw0hVAvtA7g=
github.com/kirigaikabuto/category-nurzhas-store v0.0.0-20211011083525-ea0752ea524e/go.mod h1:/04VStcTTyO9KGLM5MVS/ebzAbuSljs1Sh42nBjDQEI=
github.com/kirigaikabuto/category-nurzhas-store v0.0.0-20211011084900-e79ab6a7fd8b h1:2RSNKdIle345+AcKCqTCRZrO57l1iQIq6/LguRqQB5w=
github.com/kirigaikabuto/category-nurzhas-store v0.0.0-20211011084900-e79ab6a7fd8b/go.mod h1:/04VStcTTyO9KGLM5MVS/ebzAbuSljs1Sh42nBjDQEI=
github.com/kirigaikabuto/category-nurzhas-store v0.0.0-20211011085119-f60799c02c59 h1:mBdyZOkcZt29zfs3IhAVvA2f2wstgmTO1nm0Nv5bQi8=
github.com/kirigaikabuto/category-nurzhas-store v0.0.0-20211011085119-f60799c02c59/go.mod h1:/04VStcTTyO9KGLM5MVS/ebzAbuSljs1Sh42nBjDQEI=
github.com/kirigaikabuto/category-nurzhas-store v0.0.0-20211011090846-ae0e24deb1bb h1:sTsjBVNP83sA0N8janpSlvsaR5vQh8G6w4/iuv6p+wQ=
github.com/kirigaikabuto/category-nurzhas-store v0.0.0-20211011090846-ae0e24deb1bb/go.mod h1:/04VStcTTyO9KGLM5MVS/ebzAbuSljs1Sh42nBjDQEI=
github.com/kirigaikabuto/category-nurzhas-store v0.0.0-20211011091331-8dc9116ed11a h1:ThmhGJ5PqCjVINiqnWMvzTQm4FuHtqj1vC2uRvUd864=
github.com/kirigaikabuto/category-nurzhas-store v0.0.0-20211011091331-8dc9116ed11a/go.mod h1:/04VStcTTyO9KGLM5MVS/ebzAbuSljs1Sh42nBjDQEI=
github.com/kirigaikabuto/category-nurzhas-store v0.0.0-20211011092521-c88632ffb048 h1:Yhc82OJVHa6nzgGe7XAJjyPnV0Q0Hv5u5PaPaPWMIOM=
github.com/kirigaikabuto/category-nurzhas-store v0.0.0-20211011092521-c88632ffb048/go.mod h1:/04VStcTTyO9KGLM5MVS/ebzAbuSljs1Sh42nBjDQEI=
github.com/kirigaikabuto/category-nurzhas-store v0.0.0-20211011092924-c8794bda2488 h1:NmfTWaWxu/Gkg6xzLqaV/0K+xlg21NutA+ew5O20Gu8=
github.com/kirigaikabuto/category-nurzhas-store v0.0.0-20211011092924-c8794bda2488/go.mod h1:/04VStcTTyO9KGLM5MVS/ebzAbuSljs1Sh42nBjDQEI=
github.com/kirigaikabuto/category-nurzhas-store v0.0.0-20211011093224-17bd58082e3b h1:EwzQfykd8uUR7CFXkWkKrdFNg/2vWrg/vFqLkGitvWg=
github.com/kirigaikabuto/category-nurzhas-store v0.0.0-20211011093224-17bd58082e3b/go.mod h1:/04VStcTTyO9KGLM5MVS/ebzAbuSljs1Sh42nBjDQEI=
github.com/kirigaikabuto/category-nurzhas-store v0.0.0-20211011093338-f98878d50027 h1:IoZej2aeokLeEhCa3sOJx2QcIcvbbprNv9jsWJBIa4o=
github.com/kirigaikabuto/category-nurzhas-store v0.0.0-20211011093338-f98878d50027/go.mod h1:/04VStcTTyO9KGLM5MVS/ebzAbuSljs1Sh42nBjDQEI=
github.com/kirigaikabuto/category-nurzhas-store v0.0.0-20211011103020-675023488ae6 h1:ElyZS4IncCSZD6cYYQ3K7UR1GrVt8IIeg/CoQrXcACw=
github.com/kirigaikabuto/category-nurzhas-store v0.0.0-20211011103020-675023488ae6/go.mod h1:/04VStcTTyO9KGLM5MVS/ebzAbuSljs1Sh42nBjDQEI=
github.com/kirigaikabuto/category-nurzhas-store v0.0.0-20211011103132-55aad5eae693 h1:EWulCQ3rxc1at68QK6rEn8Ble5LfrT1WaMVn3o1Bv7Y=
github.com/kirigaikabuto/category-nurzhas-store v0.0.0-20211011103132-55aad5eae693/go.mod h1:/04VStcTTyO9KGLM5MVS/ebzAbuSljs1Sh42nBjDQEI=
github.com/kirigaikabuto/category-nurzhas-store v0.0.0-20211014085711-d1a3b921437d h1:tlcFVM7SuH2UYLzKoG0Yy/N2fiNefs/wjyeJ4myRtxM=
github.com/kirigaikabuto/category-nurzhas-store v0.0.0-20211014085711-d1a3b921437d/go.mod h1:/04VStcTTyO9KGLM5MVS/ebzAbuSljs1Sh42nBjDQEI=
github.com/kirigaikabuto/category-nurzhas-store v0.0.0-20211103033307-99b1a9930438 h1:GnOaqbs99QFxUkHqC8y4OJDhGOjMvYZkQ3kSWUELIDo=
github.com/kirigaikabuto/category-nurzhas-store v0.0.0-20211103033307-99b1a9930438/go.mod h1:pYkwDukEmJRF4gTv+RQO9nN0o/3a8rNFN4fVFR5Mwy0=
github.com/kirigaikabuto/category-nurzhas-store v0.0.0-20211103053841-baaf6ff9ad96 h1:/H303ViYZqAVU5a7cde3st+pHwu0R3qIiiPIX2HowiI=
github.com/kirigaikabuto/category-nurzhas-store v0.0.0-20211103053841-baaf6ff9ad96/go.mod h1:pYkwDukEmJRF4gTv+RQO9nN0o/3a8rNFN4fVFR5Mwy0=
github.com/kirigaikabuto/category-nurzhas-store v0.0.0-20211103055231-794f06958b06 h1:KEj2PfmNMM/4oJD6JoYNMT3DvKI2w3s/8NiNPKCsiaM=
github.com/kirigaikabuto/category-nurzhas-store v0.0.0-20211103055231-794f06958b06/go.mod h1:pYkwDukEmJRF4gTv+RQO9nN0o/3a8rNFN4fVFR5Mwy0=
github.com/kirigaikabuto/category-nurzhas-store v0.0.0-20211103063205-8778c04d5f19 h1:DOvujawDMwzZPWd8ZVIkq6Y6nle08rpyhM76E3e2ShM=
github.com/kirigaikabuto/category-nurzhas-store v0.0.0-20211103063205-8778c04d5f19/go.mod h1:pYkwDukEmJRF4gTv+RQO9nN0o/3a8rNFN4fVFR5Mwy0=
github.com/kirigaikabuto/category-nurzhas-store v0.0.0-20211103063333-64f6923edef4 h1:mmiAdKykvDt2QYs12AZmtMKCGleJb/ag899FgksusDg=
github.com/kirigaikabuto/category-nurzhas-store v0.0.0-20211103063333-64f6923edef4/go.mod h1:pYkwDukEmJRF4gTv+RQO9nN0o/3a8rNFN4fVFR5Mwy0=
github.com/kirigaikabuto/category-nurzhas-store v0.0.0-20211103063515-1bd275cb25c5 h1:eAofzj+VJUjyvmh764xmg2bRqojS1w/5lKixNbJ32oM=
github.com/kirigaikabuto/category-nurzhas-store v0.0.0-20211103063515-1bd275cb25c5/go.mod h1:pYkwDukEmJRF4gTv+RQO9nN0o/3a8rNFN4fVFR5Mwy0=
github.com/kirigaikabuto/category-nurzhas-store v0.0.0-20211103091821-cc72a1dca98e h1:UFPXszh/vcU8HAbnlvemoZok4u3UnPJoaqnPof84q+A=
github.com/kirigaikabuto/category-nurzhas-store v0.0.0-20211103091821-cc72a1dca98e/go.mod h1:pYkwDukEmJRF4gTv+RQO9nN0o/3a8rNFN4fVFR5Mwy0=
github.com/kirigaikabuto/setdata-common v1.0.1-0.20210922163006-90429744f890 h1:5NklnIn4sb+9eR9E1kCEHFaEDroraWOfBXKQNjgYFI0=
github.com/kirigaikabuto/setdata-common v1.0.1-0.20210922163006-90429744f890/go.mod h1:EcsbBKzPC1NGpm1iADkalbcxTuw7M8ChtXfC+SFBcOM=
github.com/konsorten/go-windows-terminal-sequences v0.0.0-20180402223658-b729f2633dfe h1:CHRGQ8V7OlCYtwaKPJi3iA7J+YdNKdo8j7nG5IgDhjs=
github.com/konsorten/go-windows-terminal-sequences v0.0.0-20180402223658-b729f2633dfe/go.mod h1:T0+1ngSBFLxvqU3pZ+m/2kptfBszLMUkC4ZK/EgS/cQ=
github.com/lib/pq v1.10.3 h1:v9QZf2Sn6AmjXtQeFpdoq/eaNtYP6IN+7lcrygsIAtg=
github.com/lib/pq v1.10.3/go.mod h1:AlVN5x4E4T544tWzH6hKfbfQvm3HdbOxrmggDNAPY9o=
github.com/pkg/errors v0.9.1/go.mod h1:bwawxfHBFNV+L2hUp1rHADufV3IMtnDRdf1r5NINEl0=
github.com/pmezard/go-difflib v1.0.0/go.mod h1:iKH77koFhYxTK1pcRnkKkqfTogsbg7gZNVY4sRDYZ/4=
github.com/sirupsen/logrus v1.1.0 h1:65VZabgUiV9ktjGM5nTq0+YurgTyX+YI2lSSfDjI+qU=
github.com/sirupsen/logrus v1.1.0/go.mod h1:zrgwTnHtNr00buQ1vSptGe8m1f/BbgsPukg8qsT7A+A=
github.com/streadway/amqp v0.0.0-20180806233856-70e15c650864 h1:Oj3PUEs+OUSYUpn35O+BE/ivHGirKixA3+vqA0Atu9A=
github.com/streadway/amqp v0.0.0-20180806233856-70e15c650864/go.mod h1:1WNBiOZtZQLpVAyu0iTduoJL9hEsMloAK5XWrtW0xdY=
github.com/stretchr/objx v0.1.0/go.mod h1:HFkY916IF+rwdDfMAkV7OtwuqBVzrE8GR6GFx+wExME=
github.com/stretchr/testify v1.2.2/go.mod h1:a8OnRcib4nhh0OaRAV+Yts87kKdq0PP7pXfy6kDkUVs=
golang.org/x/crypto v0.0.0-20180904163835-0709b304e793/go.mod h1:6SG95UA2DQfeDnfUPMdvaQW0Q7yPrPDi9nlGo2tz2b4=
golang.org/x/crypto v0.0.0-20210711020723-a769d52b0f97 h1:/UOmuWzQfxxo9UtlXMwuQU8CMgg1eZXqTRwkSQJWKOI=
golang.org/x/crypto v0.0.0-20210711020723-a769d52b0f97/go.mod h1:GvvjBRRGRdwPK5ydBHafDWAxML/pGHZbMvKqRZ5+Abc=
golang.org/x/net v0.0.0-20210226172049-e18ecbb05110/go.mod h1:m0MpNAwzfU5UDzcl9v0D8zg8gWTRqZa9RBIspLL5mdg=
golang.org/x/net v0.0.0-20210614182718-04defd469f4e/go.mod h1:9nx3DQGgdP8bBQD5qxJ1jj9UTztislL4KSBs9R2vV5Y=
golang.org/x/sys v0.0.0-20180905080454-ebe1bf3edb33/go.mod h1:STP8DvDyc/dI5b8T5hshtkjS+E42TnysNCUPdjciGhY=
golang.org/x/sys v0.0.0-20201119102817-f84b799fce68/go.mod h1:h1NjWce9XRLGQEsW7wpKNCjG9DtNlClVuFLEZdDNbEs=
golang.org/x/sys v0.0.0-20210423082822-04245dca01da/go.mod h1:h1NjWce9XRLGQEsW7wpKNCjG9DtNlClVuFLEZdDNbEs=
golang.org/x/sys v0.0.0-20210615035016-665e8c7367d1 h1:SrN+KX8Art/Sf4HNj6Zcz06G7VEz+7w9tdXTPOZ7+l4=
golang.org/x/sys v0.0.0-20210615035016-665e8c7367d1/go.mod h1:oPkhp1MJrh7nUepCBck5+mAzfO9JrbApNNgaTdGDITg=
golang.org/x/term v0.0.0-20201126162022-7de9c90e9dd1 h1:v+OssWQX+hTHEmOBgwxdZxK4zHq3yOs8F9J7mk0PY8E=
golang.org/x/term v0.0.0-20201126162022-7de9c90e9dd1/go.mod h1:bj7SfCRtBDWHUb9snDiAeCFNEtKQo2Wmx5Cou7ajbmo=
golang.org/x/text v0.3.3/go.mod h1:5Zoc/QRtKVWzQhOtBMvqHzDpF6irO9z98xDceosuGiQ=
golang.org/x/text v0.3.6/go.mod h1:5Zoc/QRtKVWzQhOtBMvqHzDpF6irO9z98xDceosuGiQ=
golang.org/x/tools v0.0.0-20180917221912-90fa682c2a6e/go.mod h1:n7NCudcB/nEzxVGmLbDWY5pfWTLqBcC2KZ6jyYvM4mQ=
gopkg.in/check.v1 v0.0.0-20161208181325-20d25e280405/go.mod h1:Co6ibVJAznAaIkqp8huTwlJQCZ016jof/cbN4VW5Yz0=
gopkg.in/yaml.v2 v2.2.8/go.mod h1:hI93XBmqTisBFMUTm0b8Fm+jr3Dg1NNxqwp+5A1VGuI=
